{
  "name": "reactotron-app",
  "version": "1.12.0",
  "lockfileVersion": 1,
  "requires": true,
  "dependencies": {
    "asar": {
      "version": "0.13.0",
      "resolved": "https://registry.npmjs.org/asar/-/asar-0.13.0.tgz",
      "integrity": "sha1-3zPdnQG/+EJGTQ2fCVdA1KYq+xQ=",
      "dev": true
    },
    "babel-core": {
      "version": "6.25.0",
      "resolved": "https://registry.npmjs.org/babel-core/-/babel-core-6.25.0.tgz",
      "integrity": "sha1-fdQrBGPHQunVKW3rPsZ6kyLa1yk=",
      "dev": true
    },
    "babel-eslint": {
      "version": "7.2.3",
      "resolved": "https://registry.npmjs.org/babel-eslint/-/babel-eslint-7.2.3.tgz",
      "integrity": "sha1-sv4tgBJkcPXBlELcdXJTqJdxCCc=",
      "dev": true
    },
    "babel-loader": {
      "version": "6.4.1",
      "resolved": "https://registry.npmjs.org/babel-loader/-/babel-loader-6.4.1.tgz",
      "integrity": "sha1-CzQRLVsHSKjc2/Uaz2+b1C1QuMo=",
      "dev": true
    },
    "babel-plugin-add-module-exports": {
      "version": "0.2.1",
      "resolved": "https://registry.npmjs.org/babel-plugin-add-module-exports/-/babel-plugin-add-module-exports-0.2.1.tgz",
      "integrity": "sha1-mumh9KjcZ/DN7E9K7aHkOl/2XiU=",
      "dev": true
    },
    "babel-plugin-transform-decorators-legacy": {
      "version": "1.3.4",
      "resolved": "https://registry.npmjs.org/babel-plugin-transform-decorators-legacy/-/babel-plugin-transform-decorators-legacy-1.3.4.tgz",
      "integrity": "sha1-dBtY9sW86eYCfgiC2cmU8E82aSU=",
      "dev": true
    },
    "babel-plugin-webpack-loaders": {
      "version": "0.9.0",
      "resolved": "https://registry.npmjs.org/babel-plugin-webpack-loaders/-/babel-plugin-webpack-loaders-0.9.0.tgz",
      "integrity": "sha1-aG7ByrnbNIlY+ZCpX1cJD34Wt0M=",
      "dev": true
    },
    "babel-polyfill": {
      "version": "6.23.0",
      "resolved": "https://registry.npmjs.org/babel-polyfill/-/babel-polyfill-6.23.0.tgz",
      "integrity": "sha1-g2TKYt+Or7gwSZ9pkXdGbDsDSZ0=",
      "dev": true
    },
    "babel-preset-es2015": {
      "version": "6.24.1",
      "resolved": "https://registry.npmjs.org/babel-preset-es2015/-/babel-preset-es2015-6.24.1.tgz",
      "integrity": "sha1-1EBQ1rwsn+6nAqrzjXJ6AhBTiTk=",
      "dev": true
    },
    "babel-preset-react": {
      "version": "6.24.1",
      "resolved": "https://registry.npmjs.org/babel-preset-react/-/babel-preset-react-6.24.1.tgz",
      "integrity": "sha1-umnfrqRfw+xjm2pOzqbhdwLJE4A=",
      "dev": true
    },
    "babel-preset-react-hmre": {
      "version": "1.1.1",
      "resolved": "https://registry.npmjs.org/babel-preset-react-hmre/-/babel-preset-react-hmre-1.1.1.tgz",
      "integrity": "sha1-0hbmDLW41Mhz4Z7Q9U6v8UN7xJI=",
      "dev": true
    },
    "babel-preset-stage-0": {
      "version": "6.24.1",
      "resolved": "https://registry.npmjs.org/babel-preset-stage-0/-/babel-preset-stage-0-6.24.1.tgz",
      "integrity": "sha1-VkLRUEL5E4TX5a+LyIsduVsDnmo=",
      "dev": true
    },
    "babel-register": {
      "version": "6.24.1",
      "resolved": "https://registry.npmjs.org/babel-register/-/babel-register-6.24.1.tgz",
      "integrity": "sha1-fhDhOi9xBlvfrVoXh7pFvKbe118=",
      "dev": true
    },
    "color": {
      "version": "1.0.3",
      "resolved": "https://registry.npmjs.org/color/-/color-1.0.3.tgz",
      "integrity": "sha1-5I6DLYXxTvaU+0aIEcLVz+cptV0="
    },
    "concurrently": {
      "version": "3.5.0",
      "resolved": "https://registry.npmjs.org/concurrently/-/concurrently-3.5.0.tgz",
      "integrity": "sha1-jPG3cHppFqeKT/W3e7BN7FSzebI=",
      "dev": true,
      "dependencies": {
        "ansi-regex": {
          "version": "0.2.1",
          "resolved": "https://registry.npmjs.org/ansi-regex/-/ansi-regex-0.2.1.tgz",
          "integrity": "sha1-DY6UaWej2BQ/k+JOKYUl/BsiNfk="
        },
        "ansi-styles": {
          "version": "1.1.0",
          "resolved": "https://registry.npmjs.org/ansi-styles/-/ansi-styles-1.1.0.tgz",
          "integrity": "sha1-6uy/Zs1waIJ2Cy9GkVgrj1XXp94="
        },
        "chalk": {
          "version": "0.5.1",
          "resolved": "https://registry.npmjs.org/chalk/-/chalk-0.5.1.tgz",
          "integrity": "sha1-Zjs6ZItotV0EaQ1JFnqoN4WPIXQ=",
          "dependencies": {
            "supports-color": {
              "version": "0.2.0",
              "resolved": "https://registry.npmjs.org/supports-color/-/supports-color-0.2.0.tgz",
              "integrity": "sha1-2S3iaU6z9nMjlz1649i1W0wiGQo="
            }
          }
        },
        "commander": {
          "version": "2.6.0",
          "resolved": "https://registry.npmjs.org/commander/-/commander-2.6.0.tgz",
          "integrity": "sha1-nfflL7Kgyw+4kFjugMMQQiXzfh0="
        },
        "has-ansi": {
          "version": "0.1.0",
          "resolved": "https://registry.npmjs.org/has-ansi/-/has-ansi-0.1.0.tgz",
          "integrity": "sha1-hPJlqujA5qiKEtcCKJS3VoiUxi4="
        },
        "strip-ansi": {
          "version": "0.3.0",
          "resolved": "https://registry.npmjs.org/strip-ansi/-/strip-ansi-0.3.0.tgz",
          "integrity": "sha1-JfSOoiynkYfzF0pNuHWTR7sSYiA="
        },
        "supports-color": {
          "version": "3.2.3",
          "resolved": "https://registry.npmjs.org/supports-color/-/supports-color-3.2.3.tgz",
          "integrity": "sha1-ZawFBLOVQXHYpklGsq48u4pfVPY="
        }
      }
    },
    "cross-env": {
      "version": "4.0.0",
      "resolved": "https://registry.npmjs.org/cross-env/-/cross-env-4.0.0.tgz",
      "integrity": "sha1-Fgg4YtCCdaRiiwskOxIb7apV3YA=",
      "dev": true
    },
    "css-loader": {
      "version": "0.28.4",
      "resolved": "https://registry.npmjs.org/css-loader/-/css-loader-0.28.4.tgz",
      "integrity": "sha1-bPNXkZLONV6LONX0Ldeh8uyJjQ8=",
      "dev": true,
      "dependencies": {
        "loader-utils": {
          "version": "1.1.0",
          "resolved": "https://registry.npmjs.org/loader-utils/-/loader-utils-1.1.0.tgz",
          "integrity": "sha1-yYrvSIvM7aL/teLeZG1qdUQp9c0="
        }
      }
    },
    "css-modules-require-hook": {
      "version": "4.0.6",
      "resolved": "https://registry.npmjs.org/css-modules-require-hook/-/css-modules-require-hook-4.0.6.tgz",
      "integrity": "sha1-cKA7DKN4TjblodwaqCugaNUySL8="
    },
    "del": {
      "version": "2.2.2",
      "resolved": "https://registry.npmjs.org/del/-/del-2.2.2.tgz",
      "integrity": "sha1-wSyYHQZ4RshLyvhiz/kw2Qf/0ag=",
      "dev": true
    },
    "electron": {
      "version": "1.6.8",
      "resolved": "https://registry.npmjs.org/electron/-/electron-1.6.8.tgz",
      "integrity": "sha1-Qcu+cnLM2TM5wED4VsDWNypN2wc=",
      "dev": true
    },
    "electron-debug": {
      "version": "1.2.0",
      "resolved": "https://registry.npmjs.org/electron-debug/-/electron-debug-1.2.0.tgz",
      "integrity": "sha1-IuUac+G/CV0LtRpsPZeiAzZMQiI="
    },
    "electron-packager": {
      "version": "8.7.2",
      "resolved": "https://registry.npmjs.org/electron-packager/-/electron-packager-8.7.2.tgz",
      "integrity": "sha1-RX078kvJYHwGrUsettqkrMrcIQg=",
      "dev": true,
      "dependencies": {
        "electron-download": {
          "version": "4.1.0",
          "resolved": "https://registry.npmjs.org/electron-download/-/electron-download-4.1.0.tgz",
          "integrity": "sha1-v5MsdG8vh//MCdHdRy8v9rkYeEU=",
          "dependencies": {
            "fs-extra": {
              "version": "2.1.2",
              "resolved": "https://registry.npmjs.org/fs-extra/-/fs-extra-2.1.2.tgz",
              "integrity": "sha1-BGxwFjzvmq1GsOSn+kZ/si1x3jU="
            }
          }
        },
        "fs-extra": {
          "version": "3.0.1",
          "resolved": "https://registry.npmjs.org/fs-extra/-/fs-extra-3.0.1.tgz",
          "integrity": "sha1-N5TzeMWLNC6n27sjCVEJxLO2IpE=",
          "dependencies": {
            "jsonfile": {
              "version": "3.0.1",
              "resolved": "https://registry.npmjs.org/jsonfile/-/jsonfile-3.0.1.tgz",
              "integrity": "sha1-pezG9l9T9mLEQVx2daAzHQmS7GY="
            }
          }
        },
        "path-exists": {
          "version": "3.0.0",
          "resolved": "https://registry.npmjs.org/path-exists/-/path-exists-3.0.0.tgz",
          "integrity": "sha1-zg6+ql94yxiSXqfYENe1mwEP1RU="
        },
        "sumchecker": {
          "version": "2.0.2",
          "resolved": "https://registry.npmjs.org/sumchecker/-/sumchecker-2.0.2.tgz",
          "integrity": "sha1-D0LBDl0F2l1C7qPlbDOZo31sWz4="
        }
      }
    },
    "electron-rebuild": {
      "version": "1.5.11",
      "resolved": "https://registry.npmjs.org/electron-rebuild/-/electron-rebuild-1.5.11.tgz",
      "integrity": "sha1-bqZg3rVGpRbn76qBzVmF1WZPJFw=",
      "dev": true
    },
    "express": {
      "version": "4.15.3",
      "resolved": "https://registry.npmjs.org/express/-/express-4.15.3.tgz",
      "integrity": "sha1-urZdDwOqgMNYQIly/HAPkWlEtmI=",
      "dev": true,
      "dependencies": {
        "debug": {
          "version": "2.6.7",
          "resolved": "https://registry.npmjs.org/debug/-/debug-2.6.7.tgz",
          "integrity": "sha1-krrR9tBbu2u6Isyoi80OyJTChh4="
        }
      }
    },
    "extract-text-webpack-plugin": {
      "version": "1.0.1",
      "resolved": "https://registry.npmjs.org/extract-text-webpack-plugin/-/extract-text-webpack-plugin-1.0.1.tgz",
      "integrity": "sha1-yVvzy6rEnclvHcbgclSfu2VMzSw=",
      "dev": true
    },
    "fbjs-scripts": {
      "version": "0.7.1",
      "resolved": "https://registry.npmjs.org/fbjs-scripts/-/fbjs-scripts-0.7.1.tgz",
      "integrity": "sha1-TxFeIY4kPjrdvw7dqsHjxi9wP6w=",
      "dev": true,
      "dependencies": {
        "core-js": {
          "version": "1.2.7",
          "resolved": "https://registry.npmjs.org/core-js/-/core-js-1.2.7.tgz",
          "integrity": "sha1-ZSKUwUZR2yj6k70tX/KYOk8IxjY="
        },
        "cross-spawn": {
          "version": "3.0.1",
          "resolved": "https://registry.npmjs.org/cross-spawn/-/cross-spawn-3.0.1.tgz",
          "integrity": "sha1-ElYDfsufDF9549bvE14wdwGEuYI="
        },
        "isarray": {
          "version": "1.0.0",
          "resolved": "https://registry.npmjs.org/isarray/-/isarray-1.0.0.tgz",
          "integrity": "sha1-u5NdSFgsuhaMBoNJV6VKPgcSTxE="
        },
        "readable-stream": {
          "version": "2.3.3",
          "resolved": "https://registry.npmjs.org/readable-stream/-/readable-stream-2.3.3.tgz",
          "integrity": "sha512-m+qzzcn7KUxEmd1gMbchF+Y2eIUbieUaxkWtptyHywrX0rE8QEYqPC07Vuy4Wm32/xE16NcdBctb8S0Xe/5IeQ=="
        },
        "string_decoder": {
          "version": "1.0.3",
          "resolved": "https://registry.npmjs.org/string_decoder/-/string_decoder-1.0.3.tgz",
          "integrity": "sha512-4AH6Z5fzNNBcH+6XDMfA/BTt87skxqJlO0lAh3Dker5zThcAxG6mKz+iGu308UKoPPQ8Dcqx/4JhujzltRa+hQ=="
        },
        "through2": {
          "version": "2.0.3",
          "resolved": "https://registry.npmjs.org/through2/-/through2-2.0.3.tgz",
          "integrity": "sha1-AARWmzfHx0ujnEPzzteNGtlBQL4="
        },
        "xtend": {
          "version": "4.0.1",
          "resolved": "https://registry.npmjs.org/xtend/-/xtend-4.0.1.tgz",
          "integrity": "sha1-pcbVMr5lbiPbgg77lDofBJmNY68="
        }
      }
    },
    "file-loader": {
      "version": "0.11.2",
      "resolved": "https://registry.npmjs.org/file-loader/-/file-loader-0.11.2.tgz",
      "integrity": "sha512-N+uhF3mswIFeziHQjGScJ/yHXYt3DiLBeC+9vWW+WjUBiClMSOlV1YrXQi+7KM2aA3Rn4Bybgv+uXFQbfkzpvg==",
      "dev": true,
      "dependencies": {
        "loader-utils": {
          "version": "1.1.0",
          "resolved": "https://registry.npmjs.org/loader-utils/-/loader-utils-1.1.0.tgz",
          "integrity": "sha1-yYrvSIvM7aL/teLeZG1qdUQp9c0="
        }
      }
    },
    "font-awesome": {
      "version": "4.7.0",
      "resolved": "https://registry.npmjs.org/font-awesome/-/font-awesome-4.7.0.tgz",
      "integrity": "sha1-j6jPBBGhoxr9B7BtKQK7n8gVoTM="
    },
    "json-loader": {
      "version": "0.5.4",
      "resolved": "https://registry.npmjs.org/json-loader/-/json-loader-0.5.4.tgz",
      "integrity": "sha1-i6oTZaYy9Yo8RtIBdfxgAsluN94=",
      "dev": true
    },
    "minimist": {
      "version": "1.2.6",
      "resolved": "https://registry.npmjs.org/minimist/-/minimist-1.2.6.tgz",
      "integrity": "sha512-Jsjnk4bw3YJqYzbdyBiNsPWHPfO++UGG749Cxs6peCu5Xg4nrena6OVxOYxrQTqww0Jmwt+Ref8rggumkTLz9Q==",
      "dev": true
    },
    "mobx": {
      "version": "2.7.0",
      "resolved": "https://registry.npmjs.org/mobx/-/mobx-2.7.0.tgz",
      "integrity": "sha1-zz2C0YwMp/RY2PKiQIF7PcflSgE="
    },
    "mobx-react": {
      "version": "3.5.9",
      "resolved": "https://registry.npmjs.org/mobx-react/-/mobx-react-3.5.9.tgz",
      "integrity": "sha1-txAplTnVjXrxGJtehrwL5BmKQ8E="
    },
    "moment": {
      "version": "2.18.1",
      "resolved": "https://registry.npmjs.org/moment/-/moment-2.18.1.tgz",
      "integrity": "sha1-w2GT3Tzhwu7SrbfIAtu8d6gbHA8="
    },
    "node-libs-browser": {
      "version": "2.0.0",
      "resolved": "https://registry.npmjs.org/node-libs-browser/-/node-libs-browser-2.0.0.tgz",
      "integrity": "sha1-o6WeyXAkmFtG6Vg3lkb5bEthZkY=",
      "dev": true,
      "dependencies": {
        "isarray": {
          "version": "1.0.0",
          "resolved": "https://registry.npmjs.org/isarray/-/isarray-1.0.0.tgz",
          "integrity": "sha1-u5NdSFgsuhaMBoNJV6VKPgcSTxE="
        },
        "process": {
          "version": "0.11.10",
          "resolved": "https://registry.npmjs.org/process/-/process-0.11.10.tgz",
          "integrity": "sha1-czIwDoQBYb2j5podHZGn1LwW8YI="
        },
        "readable-stream": {
          "version": "2.3.3",
          "resolved": "https://registry.npmjs.org/readable-stream/-/readable-stream-2.3.3.tgz",
          "integrity": "sha512-m+qzzcn7KUxEmd1gMbchF+Y2eIUbieUaxkWtptyHywrX0rE8QEYqPC07Vuy4Wm32/xE16NcdBctb8S0Xe/5IeQ==",
          "dependencies": {
            "string_decoder": {
              "version": "1.0.3",
              "resolved": "https://registry.npmjs.org/string_decoder/-/string_decoder-1.0.3.tgz",
              "integrity": "sha512-4AH6Z5fzNNBcH+6XDMfA/BTt87skxqJlO0lAh3Dker5zThcAxG6mKz+iGu308UKoPPQ8Dcqx/4JhujzltRa+hQ=="
            }
          }
        }
      }
    },
    "postcss": {
      "version": "5.2.17",
      "resolved": "https://registry.npmjs.org/postcss/-/postcss-5.2.17.tgz",
      "integrity": "sha1-z09Ze4ZNZcikkrLqvp1wbIecOIs=",
      "dependencies": {
        "supports-color": {
          "version": "3.2.3",
          "resolved": "https://registry.npmjs.org/supports-color/-/supports-color-3.2.3.tgz",
          "integrity": "sha1-ZawFBLOVQXHYpklGsq48u4pfVPY="
        }
      }
    },
    "ramda": {
      "version": "0.23.0",
      "resolved": "https://registry.npmjs.org/ramda/-/ramda-0.23.0.tgz",
      "integrity": "sha1-zNE//3NJepOXTj6GMnv9h71ujis="
    },
    "ramdasauce": {
      "version": "1.2.0",
      "resolved": "https://registry.npmjs.org/ramdasauce/-/ramdasauce-1.2.0.tgz",
      "integrity": "sha1-fA2jn/obVHJox4U2/drZxJ8NEss="
    },
    "react": {
      "version": "15.6.1",
      "resolved": "https://registry.npmjs.org/react/-/react-15.6.1.tgz",
      "integrity": "sha1-uqhDTsZ4C96ZfNw4C3nNM7ljk98="
    },
    "react-base16-styling": {
      "version": "0.5.3",
      "resolved": "https://registry.npmjs.org/react-base16-styling/-/react-base16-styling-0.5.3.tgz",
      "integrity": "sha1-OFjyTpxN2MvT9wLz901YHKKRcmk="
    },
    "react-dom": {
      "version": "15.6.1",
      "resolved": "https://registry.npmjs.org/react-dom/-/react-dom-15.6.1.tgz",
      "integrity": "sha1-LLDtQZEDjlPCCes6eaI+Kkz5lHA="
    },
    "react-icons": {
      "version": "2.2.5",
      "resolved": "https://registry.npmjs.org/react-icons/-/react-icons-2.2.5.tgz",
      "integrity": "sha1-+UJQHCGkzARWziu+5QMsk/YFHc8="
    },
    "react-json-tree": {
      "version": "0.10.9",
      "resolved": "https://registry.npmjs.org/react-json-tree/-/react-json-tree-0.10.9.tgz",
      "integrity": "sha1-cmMXOizIvwXqxjsEGcPOdbIy4oQ="
    },
    "react-modal-dialog": {
      "version": "3.0.2",
      "resolved": "https://registry.npmjs.org/react-modal-dialog/-/react-modal-dialog-3.0.2.tgz",
      "integrity": "sha1-6ptlnS+896T4CUcXdQ/e7LWqnbA=",
      "dependencies": {
        "lodash": {
          "version": "3.10.1",
          "resolved": "https://registry.npmjs.org/lodash/-/lodash-3.10.1.tgz",
          "integrity": "sha1-W/Rejkm6QYnhfUgnid/RW9FAt7Y="
        }
      }
    },
    "react-tap-event-plugin": {
      "version": "2.0.1",
      "resolved": "https://registry.npmjs.org/react-tap-event-plugin/-/react-tap-event-plugin-2.0.1.tgz",
      "integrity": "sha1-MWvrO8ZVbinshppyk+icgmqQdNI="
    },
    "react-tooltip": {
      "version": "3.3.0",
      "resolved": "https://registry.npmjs.org/react-tooltip/-/react-tooltip-3.3.0.tgz",
      "integrity": "sha1-UcCK4CIQdeLEPYPNR/x4RmYS330="
    },
    "reactotron-core-server": {
      "version": "1.13.0",
      "resolved": "https://registry.npmjs.org/reactotron-core-server/-/reactotron-core-server-1.13.0.tgz",
      "integrity": "sha512-Nf1xsPGTE0S4XaHdmBxRbcxLkHw1x13Yn6/8InWJbA2lTe/PRNlpyDngSTYo7VzRp74DjocQIexYKr1ssHgJyA==",
      "requires": {
        "mobx": "^2.5.1",
        "ramda": "^0.24.1",
        "ramdasauce": "^2.0.0",
        "socket.io": "~1.7.3"
      },
      "dependencies": {
        "ramda": {
          "version": "0.24.1",
          "resolved": "https://registry.npmjs.org/ramda/-/ramda-0.24.1.tgz",
          "integrity": "sha512-HEm619G8PaZMfkqCa23qiOe7r3R0brPu7ZgOsgKUsnvLhd0qhc/vTjkUovomgPWa5ECBa08fJZixth9LaoBo5w=="
        },
        "ramdasauce": {
          "version": "2.1.3",
          "resolved": "https://registry.npmjs.org/ramdasauce/-/ramdasauce-2.1.3.tgz",
          "integrity": "sha512-Ml3CPim4SKwmg5g9UI77lnRSeKr/kQw7YhQ6rfdMcBYy6DMlwmkEwQqjygJ3OhxPR+NfFfpjKl3Tf8GXckaqqg==",
          "requires": {
            "ramda": "^0.24.1"
          }
        }
      }
    },
    "socket.io": {
      "version": "1.7.4",
      "resolved": "https://registry.npmjs.org/socket.io/-/socket.io-1.7.4.tgz",
      "integrity": "sha1-L37O3DORvy1cc+KR/iM+bjTU3QA=",
      "dependencies": {
        "debug": {
          "version": "2.3.3",
          "resolved": "https://registry.npmjs.org/debug/-/debug-2.3.3.tgz",
          "integrity": "sha1-QMRT5n5uE8kB3ewxeviYbNqe/4w="
        },
        "ms": {
          "version": "0.7.2",
          "resolved": "https://registry.npmjs.org/ms/-/ms-0.7.2.tgz",
          "integrity": "sha1-riXPJRKziFodldfwN4aNhDESR2U="
        },
        "object-assign": {
          "version": "4.1.0",
          "resolved": "https://registry.npmjs.org/object-assign/-/object-assign-4.1.0.tgz",
          "integrity": "sha1-ejs9DpgGPUP0wD8uiubNUahog6A="
        }
      }
    },
    "source-map-support": {
      "version": "0.4.15",
      "resolved": "https://registry.npmjs.org/source-map-support/-/source-map-support-0.4.15.tgz",
      "integrity": "sha1-AyAt9lwG0r2MfsI2KhkwVv7407E="
    },
    "standard": {
      "version": "10.0.2",
      "resolved": "https://registry.npmjs.org/standard/-/standard-10.0.2.tgz",
      "integrity": "sha1-l0wcU8yGWwdaS1dueEQeFpXar3s=",
      "dev": true
    },
    "stringify-object": {
      "version": "3.2.0",
      "resolved": "https://registry.npmjs.org/stringify-object/-/stringify-object-3.2.0.tgz",
      "integrity": "sha1-lDcKE15BvASDWIE7+ZSB8TFcaqY="
    },
    "style-loader": {
      "version": "0.16.1",
      "resolved": "https://registry.npmjs.org/style-loader/-/style-loader-0.16.1.tgz",
      "integrity": "sha1-UOMlJY1OeEId2WgGNrQehmFZXRA=",
      "dev": true,
      "dependencies": {
        "loader-utils": {
          "version": "1.1.0",
          "resolved": "https://registry.npmjs.org/loader-utils/-/loader-utils-1.1.0.tgz",
          "integrity": "sha1-yYrvSIvM7aL/teLeZG1qdUQp9c0="
        }
      }
    },
    "url-loader": {
      "version": "0.5.9",
      "resolved": "https://registry.npmjs.org/url-loader/-/url-loader-0.5.9.tgz",
      "integrity": "sha512-B7QYFyvv+fOBqBVeefsxv6koWWtjmHaMFT6KZWti4KRw8YUD/hOU+3AECvXuzyVawIBx3z7zQRejXCDSO5kk1Q==",
      "dev": true,
      "dependencies": {
        "loader-utils": {
          "version": "1.1.0",
          "resolved": "https://registry.npmjs.org/loader-utils/-/loader-utils-1.1.0.tgz",
          "integrity": "sha1-yYrvSIvM7aL/teLeZG1qdUQp9c0="
        }
      }
    },
    "webpack": {
      "version": "1.15.0",
      "resolved": "https://registry.npmjs.org/webpack/-/webpack-1.15.0.tgz",
      "integrity": "sha1-T/MfU9sDM55VFkqdRo7gMklo/pg=",
      "dev": true,
      "dependencies": {
        "acorn": {
          "version": "3.3.0",
          "resolved": "https://registry.npmjs.org/acorn/-/acorn-3.3.0.tgz",
          "integrity": "sha1-ReN/s56No/JbruP/U2niu18iAXo="
        },
        "browserify-aes": {
          "version": "0.4.0",
          "resolved": "https://registry.npmjs.org/browserify-aes/-/browserify-aes-0.4.0.tgz",
          "integrity": "sha1-BnFJtmjfMcS1hTPgLQHoBthgjiw="
        },
        "crypto-browserify": {
          "version": "3.3.0",
          "resolved": "https://registry.npmjs.org/crypto-browserify/-/crypto-browserify-3.3.0.tgz",
          "integrity": "sha1-ufx1u0oO1h3PHNXa6W6zDJw+UGw="
        },
        "enhanced-resolve": {
          "version": "0.9.1",
          "resolved": "https://registry.npmjs.org/enhanced-resolve/-/enhanced-resolve-0.9.1.tgz",
          "integrity": "sha1-TW5omzcl+GCQknzMhs2fFjW4ni4=",
          "dependencies": {
            "memory-fs": {
              "version": "0.2.0",
              "resolved": "https://registry.npmjs.org/memory-fs/-/memory-fs-0.2.0.tgz",
              "integrity": "sha1-8rslNovBIeORwlIN6Slpyu4KApA="
            }
          }
        },
        "interpret": {
          "version": "0.6.6",
          "resolved": "https://registry.npmjs.org/interpret/-/interpret-0.6.6.tgz",
          "integrity": "sha1-/s16GOfOXKar+5U+H4YhOknxYls="
        },
        "isarray": {
          "version": "1.0.0",
          "resolved": "https://registry.npmjs.org/isarray/-/isarray-1.0.0.tgz",
          "integrity": "sha1-u5NdSFgsuhaMBoNJV6VKPgcSTxE="
        },
        "node-libs-browser": {
          "version": "0.7.0",
          "resolved": "https://registry.npmjs.org/node-libs-browser/-/node-libs-browser-0.7.0.tgz",
          "integrity": "sha1-PicsCBnjCJNeJmdECNevDhSRuDs="
        },
        "process": {
          "version": "0.11.10",
          "resolved": "https://registry.npmjs.org/process/-/process-0.11.10.tgz",
          "integrity": "sha1-czIwDoQBYb2j5podHZGn1LwW8YI="
        },
        "readable-stream": {
          "version": "2.3.3",
          "resolved": "https://registry.npmjs.org/readable-stream/-/readable-stream-2.3.3.tgz",
          "integrity": "sha512-m+qzzcn7KUxEmd1gMbchF+Y2eIUbieUaxkWtptyHywrX0rE8QEYqPC07Vuy4Wm32/xE16NcdBctb8S0Xe/5IeQ==",
          "dependencies": {
            "string_decoder": {
              "version": "1.0.3",
              "resolved": "https://registry.npmjs.org/string_decoder/-/string_decoder-1.0.3.tgz",
              "integrity": "sha512-4AH6Z5fzNNBcH+6XDMfA/BTt87skxqJlO0lAh3Dker5zThcAxG6mKz+iGu308UKoPPQ8Dcqx/4JhujzltRa+hQ=="
            }
          }
        },
        "ripemd160": {
          "version": "0.2.0",
          "resolved": "https://registry.npmjs.org/ripemd160/-/ripemd160-0.2.0.tgz",
          "integrity": "sha1-K/GYveFnys+lHAqSjoS2i74XH84="
        },
        "sha.js": {
          "version": "2.2.6",
          "resolved": "https://registry.npmjs.org/sha.js/-/sha.js-2.2.6.tgz",
          "integrity": "sha1-F93t3F9yL7ZlAWWIlUYZd4ZzFbo="
        },
        "supports-color": {
          "version": "3.2.3",
          "resolved": "https://registry.npmjs.org/supports-color/-/supports-color-3.2.3.tgz",
          "integrity": "sha1-ZawFBLOVQXHYpklGsq48u4pfVPY="
        },
        "tapable": {
          "version": "0.1.10",
          "resolved": "https://registry.npmjs.org/tapable/-/tapable-0.1.10.tgz",
          "integrity": "sha1-KcNXB8K3DlDQdIK10gLo7URtr9Q="
        }
      }
    },
    "webpack-dev-middleware": {
      "version": "1.11.0",
      "resolved": "https://registry.npmjs.org/webpack-dev-middleware/-/webpack-dev-middleware-1.11.0.tgz",
      "integrity": "sha1-CWkdCXOjCtH4Ksc6EuIIfwpHVPk=",
      "dev": true,
      "dependencies": {
        "isarray": {
          "version": "1.0.0",
          "resolved": "https://registry.npmjs.org/isarray/-/isarray-1.0.0.tgz",
          "integrity": "sha1-u5NdSFgsuhaMBoNJV6VKPgcSTxE="
        },
        "memory-fs": {
          "version": "0.4.1",
          "resolved": "https://registry.npmjs.org/memory-fs/-/memory-fs-0.4.1.tgz",
          "integrity": "sha1-OpoguEYlI+RHz7x+i7gO1me/xVI="
        },
        "readable-stream": {
          "version": "2.3.3",
          "resolved": "https://registry.npmjs.org/readable-stream/-/readable-stream-2.3.3.tgz",
          "integrity": "sha512-m+qzzcn7KUxEmd1gMbchF+Y2eIUbieUaxkWtptyHywrX0rE8QEYqPC07Vuy4Wm32/xE16NcdBctb8S0Xe/5IeQ=="
        },
        "string_decoder": {
          "version": "1.0.3",
          "resolved": "https://registry.npmjs.org/string_decoder/-/string_decoder-1.0.3.tgz",
          "integrity": "sha512-4AH6Z5fzNNBcH+6XDMfA/BTt87skxqJlO0lAh3Dker5zThcAxG6mKz+iGu308UKoPPQ8Dcqx/4JhujzltRa+hQ=="
        }
      }
    },
    "webpack-hot-middleware": {
      "version": "2.18.2",
      "resolved": "https://registry.npmjs.org/webpack-hot-middleware/-/webpack-hot-middleware-2.18.2.tgz",
      "integrity": "sha512-dB7uOnUWsojZIAC6Nwi5v3tuaQNd2i7p4vF5LsJRyoTOgr2fRYQdMKQxRZIZZaz0cTPBX8rvcWU1A6/n7JTITg==",
      "dev": true
    }
  }
}
